
Microsoft Visual Studio Solution File, Format Version 12.00
# Visual Studio Version 17
VisualStudioVersion = 17.6.33815.320
MinimumVisualStudioVersion = 10.0.40219.1
Project("{FAE04EC0-301F-11D3-BF4B-00C04F79EFBC}") = "AddressBook", "AddressBook\AddressBook.csproj", "{1B6ED836-2C06-4151-9FD1-42B105D4D396}"
EndProject
Global
	GlobalSection(SolutionConfigurationPlatforms) = preSolution
		Debug|Any CPU = Debug|Any CPU
		Release|Any CPU = Release|Any CPU
	EndGlobalSection
	GlobalSection(ProjectConfigurationPlatforms) = postSolution
		{1B6ED836-2C06-4151-9FD1-42B105D4D396}.Debug|Any CPU.ActiveCfg = Debug|Any CPU
		{1B6ED836-2C06-4151-9FD1-42B105D4D396}.Debug|Any CPU.Build.0 = Debug|Any CPU
		{1B6ED836-2C06-4151-9FD1-42B105D4D396}.Release|Any CPU.ActiveCfg = Release|Any CPU
		{1B6ED836-2C06-4151-9FD1-42B105D4D396}.Release|Any CPU.Build.0 = Release|Any CPU
	EndGlobalSection
	GlobalSection(SolutionProperties) = preSolution
		HideSolutionNode = FALSE
	EndGlobalSection
	GlobalSection(ExtensibilityGlobals) = postSolution
		SolutionGuid = {F3B29AAE-5A85-4703-B4D9-755D02FEF66E}
	EndGlobalSection
EndGlobal
